#
# This file is autogenerated by pip-compile with Python 3.9
# by the following command:
#
#    pip-compile --output-file=backend/requirements.lock backend/requirements.txt
#
blinker==1.9.0
    # via flask
certifi==2025.6.15
    # via requests
cffi==1.17.1
    # via timezonefinder
charset-normalizer==3.4.2
    # via requests
click==8.1.8
    # via flask
colorama==0.4.6
    # via click
flask==2.3.3
    # via
    #   -r backend/requirements.txt
    #   flask-cors
flask-cors==4.0.0
    # via -r backend/requirements.txt
geographiclib==2.0
    # via geopy
geopy==2.4.1
    # via -r backend/requirements.txt
h3==4.3.0
    # via timezonefinder
idna==3.10
    # via requests
importlib-metadata==8.7.0
    # via flask
itsdangerous==2.2.0
    # via flask
jinja2==3.1.6
    # via flask
markupsafe==3.0.2
    # via
    #   jinja2
    #   werkzeug
numpy==1.24.3
    # via
    #   -r backend/requirements.txt
    #   scipy
    #   shapely
    #   timezonefinder
pycparser==2.22
    # via cffi
pyswisseph==2.10.3.2
    # via -r backend/requirements.txt
python-dotenv==1.0.1
    # via -r backend/requirements.txt
pytz==2023.3
    # via -r backend/requirements.txt
requests==2.31.0
    # via -r backend/requirements.txt
scipy==1.13.0
    # via -r backend/requirements.txt
shapely==2.0.4
    # via -r backend/requirements.txt
swisseph==0.0.0.dev1
    # via -r backend/requirements.txt
timezonefinder==6.5.9
    # via -r backend/requirements.txt
urllib3==2.5.0
    # via requests
werkzeug==3.1.3
    # via flask
zipp==3.23.0
    # via importlib-metadata
